
Microsoft Visual Studio Solution File, Format Version 12.00
# Visual Studio 15
VisualStudioVersion = 15.0.28010.2046
MinimumVisualStudioVersion = 10.0.40219.1
Project("{FAE04EC0-301F-11D3-BF4B-00C04F79EFBC}") = "Bangazon", "Bangazon\Bangazon.csproj", "{755D6B04-43A4-4E0A-B329-05DA8947BA53}"
EndProject
Global
	GlobalSection(SolutionConfigurationPlatforms) = preSolution
		Debug|Any CPU = Debug|Any CPU
		Release|Any CPU = Release|Any CPU
	EndGlobalSection
	GlobalSection(ProjectConfigurationPlatforms) = postSolution
		{755D6B04-43A4-4E0A-B329-05DA8947BA53}.Debug|Any CPU.ActiveCfg = Debug|Any CPU
		{755D6B04-43A4-4E0A-B329-05DA8947BA53}.Debug|Any CPU.Build.0 = Debug|Any CPU
		{755D6B04-43A4-4E0A-B329-05DA8947BA53}.Release|Any CPU.ActiveCfg = Release|Any CPU
		{755D6B04-43A4-4E0A-B329-05DA8947BA53}.Release|Any CPU.Build.0 = Release|Any CPU
	EndGlobalSection
	GlobalSection(SolutionProperties) = preSolution
		HideSolutionNode = FALSE
	EndGlobalSection
	GlobalSection(ExtensibilityGlobals) = postSolution
		SolutionGuid = {1F31D840-FB5C-48DA-8005-9E82CBFBB03E}
	EndGlobalSection
EndGlobal
